// !$*UTF8*$!
{
	archiveVersion = 1;
	classes = {
	};
	objectVersion = 51;
	objects = {

/* Begin PBXBuildFile section */
		2BF97516B0394D6371A19A47 /* Pods_SwiftUICard.framework in Frameworks */ = {isa = PBXBuildFile; fileRef = BF9778DA29E306B54A78F79B /* Pods_SwiftUICard.framework */; };
		BD06B0EB25C92EA000C75842 /* DBManager.swift in Sources */ = {isa = PBXBuildFile; fileRef = BD06B0EA25C92EA000C75842 /* DBManager.swift */; };
		BD06B0EF25C92F9300C75842 /* Helper.swift in Sources */ = {isa = PBXBuildFile; fileRef = BD06B0EE25C92F9300C75842 /* Helper.swift */; };
		BD06B0F225C9311100C75842 /* DBManager+Expression.swift in Sources */ = {isa = PBXBuildFile; fileRef = BD06B0F125C9311100C75842 /* DBManager+Expression.swift */; };
		BD06B0F625C931BA00C75842 /* DBManager+Table.swift in Sources */ = {isa = PBXBuildFile; fileRef = BD06B0F525C931BA00C75842 /* DBManager+Table.swift */; };
		BD06B0FA25C9363900C75842 /* CardInfo.swift in Sources */ = {isa = PBXBuildFile; fileRef = BD06B0F925C9363900C75842 /* CardInfo.swift */; };
		BD06B0FD25C9375100C75842 /* DBManager+CardTable.swift in Sources */ = {isa = PBXBuildFile; fileRef = BD06B0FC25C9375100C75842 /* DBManager+CardTable.swift */; };
		BD06B10025C938DC00C75842 /* DateFormate + Extension.swift in Sources */ = {isa = PBXBuildFile; fileRef = BD06B0FF25C938DC00C75842 /* DateFormate + Extension.swift */; };
		BD06B10325C93A9400C75842 /* CustomError.swift in Sources */ = {isa = PBXBuildFile; fileRef = BD06B10225C93A9400C75842 /* CustomError.swift */; };
		BD0B132825C9656200398F0C /* CardListModel.swift in Sources */ = {isa = PBXBuildFile; fileRef = BD0B132725C9656200398F0C /* CardListModel.swift */; };
		BD20610225C7DAAC0080E6CE /* CardNumberValidator.swift in Sources */ = {isa = PBXBuildFile; fileRef = BD20610125C7DAAC0080E6CE /* CardNumberValidator.swift */; };
		BD20610625C7ED2A0080E6CE /* CardNameProxy.swift in Sources */ = {isa = PBXBuildFile; fileRef = BD20610525C7ED2A0080E6CE /* CardNameProxy.swift */; };
		BD20610A25C801320080E6CE /* Images.swift in Sources */ = {isa = PBXBuildFile; fileRef = BD20610925C801320080E6CE /* Images.swift */; };
		BD20610D25C813C30080E6CE /* CardExpProxy.swift in Sources */ = {isa = PBXBuildFile; fileRef = BD20610C25C813C30080E6CE /* CardExpProxy.swift */; };
		BD20611025C82EB00080E6CE /* MonthYearPicker.swift in Sources */ = {isa = PBXBuildFile; fileRef = BD20610F25C82EB00080E6CE /* MonthYearPicker.swift */; };
		BD20611325C84C670080E6CE /* CardCVCProxy.swift in Sources */ = {isa = PBXBuildFile; fileRef = BD20611225C84C670080E6CE /* CardCVCProxy.swift */; };
		BD5A89FD25C3D29700A6B204 /* AppDelegate.swift in Sources */ = {isa = PBXBuildFile; fileRef = BD5A89FC25C3D29700A6B204 /* AppDelegate.swift */; };
		BD5A89FF25C3D29700A6B204 /* SceneDelegate.swift in Sources */ = {isa = PBXBuildFile; fileRef = BD5A89FE25C3D29700A6B204 /* SceneDelegate.swift */; };
		BD5A8A0125C3D29700A6B204 /* CardListView.swift in Sources */ = {isa = PBXBuildFile; fileRef = BD5A8A0025C3D29700A6B204 /* CardListView.swift */; };
		BD5A8A0325C3D29800A6B204 /* Assets.xcassets in Resources */ = {isa = PBXBuildFile; fileRef = BD5A8A0225C3D29800A6B204 /* Assets.xcassets */; };
		BD5A8A0625C3D29800A6B204 /* Preview Assets.xcassets in Resources */ = {isa = PBXBuildFile; fileRef = BD5A8A0525C3D29800A6B204 /* Preview Assets.xcassets */; };
		BD5A8A0925C3D29800A6B204 /* LaunchScreen.storyboard in Resources */ = {isa = PBXBuildFile; fileRef = BD5A8A0725C3D29800A6B204 /* LaunchScreen.storyboard */; };
		BD5A8A2D25C3EC0E00A6B204 /* CardDetailsView.swift in Sources */ = {isa = PBXBuildFile; fileRef = BD5A8A2C25C3EC0E00A6B204 /* CardDetailsView.swift */; };
		BDB2D96125CA63D7005F700F /* Color+Ext.swift in Sources */ = {isa = PBXBuildFile; fileRef = BDB2D96025CA63D7005F700F /* Color+Ext.swift */; };
		BDB2D96725CA7088005F700F /* CardView.swift in Sources */ = {isa = PBXBuildFile; fileRef = BDB2D96625CA7088005F700F /* CardView.swift */; };
		BDC2816225C99259006408BF /* NoRecordView.swift in Sources */ = {isa = PBXBuildFile; fileRef = BDC2816125C99259006408BF /* NoRecordView.swift */; };
		BDC2816525C994AA006408BF /* View+Ext.swift in Sources */ = {isa = PBXBuildFile; fileRef = BDC2816425C994AA006408BF /* View+Ext.swift */; };
		BDE60F0A25C3ED3300AFB36E /* CardDetailsViewModel.swift in Sources */ = {isa = PBXBuildFile; fileRef = BDE60F0925C3ED3300AFB36E /* CardDetailsViewModel.swift */; };
		BDE60F0D25C3EF4800AFB36E /* TextField+Modifier.swift in Sources */ = {isa = PBXBuildFile; fileRef = BDE60F0C25C3EF4800AFB36E /* TextField+Modifier.swift */; };
/* End PBXBuildFile section */

/* Begin PBXFileReference section */
		983A2963F77F618FED73A8FA /* Pods-SwiftUICard.release.xcconfig */ = {isa = PBXFileReference; includeInIndex = 1; lastKnownFileType = text.xcconfig; name = "Pods-SwiftUICard.release.xcconfig"; path = "Target Support Files/Pods-SwiftUICard/Pods-SwiftUICard.release.xcconfig"; sourceTree = "<group>"; };
		BD06B0EA25C92EA000C75842 /* DBManager.swift */ = {isa = PBXFileReference; lastKnownFileType = sourcecode.swift; path = DBManager.swift; sourceTree = "<group>"; };
		BD06B0EE25C92F9300C75842 /* Helper.swift */ = {isa = PBXFileReference; lastKnownFileType = sourcecode.swift; path = Helper.swift; sourceTree = "<group>"; };
		BD06B0F125C9311100C75842 /* DBManager+Expression.swift */ = {isa = PBXFileReference; fileEncoding = 4; lastKnownFileType = sourcecode.swift; path = "DBManager+Expression.swift"; sourceTree = "<group>"; };
		BD06B0F525C931BA00C75842 /* DBManager+Table.swift */ = {isa = PBXFileReference; fileEncoding = 4; lastKnownFileType = sourcecode.swift; path = "DBManager+Table.swift"; sourceTree = "<group>"; };
		BD06B0F925C9363900C75842 /* CardInfo.swift */ = {isa = PBXFileReference; lastKnownFileType = sourcecode.swift; path = CardInfo.swift; sourceTree = "<group>"; };
		BD06B0FC25C9375100C75842 /* DBManager+CardTable.swift */ = {isa = PBXFileReference; lastKnownFileType = sourcecode.swift; path = "DBManager+CardTable.swift"; sourceTree = "<group>"; };
		BD06B0FF25C938DC00C75842 /* DateFormate + Extension.swift */ = {isa = PBXFileReference; lastKnownFileType = sourcecode.swift; path = "DateFormate + Extension.swift"; sourceTree = "<group>"; };
		BD06B10225C93A9400C75842 /* CustomError.swift */ = {isa = PBXFileReference; fileEncoding = 4; lastKnownFileType = sourcecode.swift; path = CustomError.swift; sourceTree = "<group>"; };
		BD0B132725C9656200398F0C /* CardListModel.swift */ = {isa = PBXFileReference; lastKnownFileType = sourcecode.swift; path = CardListModel.swift; sourceTree = "<group>"; };
		BD20610125C7DAAC0080E6CE /* CardNumberValidator.swift */ = {isa = PBXFileReference; lastKnownFileType = sourcecode.swift; path = CardNumberValidator.swift; sourceTree = "<group>"; };
		BD20610525C7ED2A0080E6CE /* CardNameProxy.swift */ = {isa = PBXFileReference; lastKnownFileType = sourcecode.swift; path = CardNameProxy.swift; sourceTree = "<group>"; };
		BD20610925C801320080E6CE /* Images.swift */ = {isa = PBXFileReference; lastKnownFileType = sourcecode.swift; path = Images.swift; sourceTree = "<group>"; };
		BD20610C25C813C30080E6CE /* CardExpProxy.swift */ = {isa = PBXFileReference; lastKnownFileType = sourcecode.swift; path = CardExpProxy.swift; sourceTree = "<group>"; };
		BD20610F25C82EB00080E6CE /* MonthYearPicker.swift */ = {isa = PBXFileReference; lastKnownFileType = sourcecode.swift; path = MonthYearPicker.swift; sourceTree = "<group>"; };
		BD20611225C84C670080E6CE /* CardCVCProxy.swift */ = {isa = PBXFileReference; lastKnownFileType = sourcecode.swift; path = CardCVCProxy.swift; sourceTree = "<group>"; };
		BD5A89F925C3D29700A6B204 /* SwiftUICard.app */ = {isa = PBXFileReference; explicitFileType = wrapper.application; includeInIndex = 0; path = SwiftUICard.app; sourceTree = BUILT_PRODUCTS_DIR; };
		BD5A89FC25C3D29700A6B204 /* AppDelegate.swift */ = {isa = PBXFileReference; lastKnownFileType = sourcecode.swift; path = AppDelegate.swift; sourceTree = "<group>"; };
		BD5A89FE25C3D29700A6B204 /* SceneDelegate.swift */ = {isa = PBXFileReference; lastKnownFileType = sourcecode.swift; path = SceneDelegate.swift; sourceTree = "<group>"; };
		BD5A8A0025C3D29700A6B204 /* CardListView.swift */ = {isa = PBXFileReference; lastKnownFileType = sourcecode.swift; path = CardListView.swift; sourceTree = "<group>"; };
		BD5A8A0225C3D29800A6B204 /* Assets.xcassets */ = {isa = PBXFileReference; lastKnownFileType = folder.assetcatalog; path = Assets.xcassets; sourceTree = "<group>"; };
		BD5A8A0525C3D29800A6B204 /* Preview Assets.xcassets */ = {isa = PBXFileReference; lastKnownFileType = folder.assetcatalog; path = "Preview Assets.xcassets"; sourceTree = "<group>"; };
		BD5A8A0825C3D29800A6B204 /* Base */ = {isa = PBXFileReference; lastKnownFileType = file.storyboard; name = Base; path = Base.lproj/LaunchScreen.storyboard; sourceTree = "<group>"; };
		BD5A8A0A25C3D29800A6B204 /* Info.plist */ = {isa = PBXFileReference; lastKnownFileType = text.plist.xml; path = Info.plist; sourceTree = "<group>"; };
		BD5A8A2C25C3EC0E00A6B204 /* CardDetailsView.swift */ = {isa = PBXFileReference; lastKnownFileType = sourcecode.swift; path = CardDetailsView.swift; sourceTree = "<group>"; };
		BDB2D96025CA63D7005F700F /* Color+Ext.swift */ = {isa = PBXFileReference; lastKnownFileType = sourcecode.swift; path = "Color+Ext.swift"; sourceTree = "<group>"; };
		BDB2D96625CA7088005F700F /* CardView.swift */ = {isa = PBXFileReference; lastKnownFileType = sourcecode.swift; path = CardView.swift; sourceTree = "<group>"; };
		BDC2816125C99259006408BF /* NoRecordView.swift */ = {isa = PBXFileReference; lastKnownFileType = sourcecode.swift; path = NoRecordView.swift; sourceTree = "<group>"; };
		BDC2816425C994AA006408BF /* View+Ext.swift */ = {isa = PBXFileReference; lastKnownFileType = sourcecode.swift; path = "View+Ext.swift"; sourceTree = "<group>"; };
		BDE60F0925C3ED3300AFB36E /* CardDetailsViewModel.swift */ = {isa = PBXFileReference; lastKnownFileType = sourcecode.swift; path = CardDetailsViewModel.swift; sourceTree = "<group>"; };
		BDE60F0C25C3EF4800AFB36E /* TextField+Modifier.swift */ = {isa = PBXFileReference; lastKnownFileType = sourcecode.swift; path = "TextField+Modifier.swift"; sourceTree = "<group>"; };
		BF9778DA29E306B54A78F79B /* Pods_SwiftUICard.framework */ = {isa = PBXFileReference; explicitFileType = wrapper.framework; includeInIndex = 0; path = Pods_SwiftUICard.framework; sourceTree = BUILT_PRODUCTS_DIR; };
		CF71A7FD8B326C6E2471AB7D /* Pods-SwiftUICard.debug.xcconfig */ = {isa = PBXFileReference; includeInIndex = 1; lastKnownFileType = text.xcconfig; name = "Pods-SwiftUICard.debug.xcconfig"; path = "Target Support Files/Pods-SwiftUICard/Pods-SwiftUICard.debug.xcconfig"; sourceTree = "<group>"; };
/* End PBXFileReference section */

/* Begin PBXFrameworksBuildPhase section */
		BD5A89F625C3D29700A6B204 /* Frameworks */ = {
			isa = PBXFrameworksBuildPhase;
			buildActionMask = 2147483647;
			files = (
				2BF97516B0394D6371A19A47 /* Pods_SwiftUICard.framework in Frameworks */,
			);
			runOnlyForDeploymentPostprocessing = 0;
		};
/* End PBXFrameworksBuildPhase section */

/* Begin PBXGroup section */
		5ED532ED5490322130CD460D /* Pods */ = {
			isa = PBXGroup;
			children = (
				CF71A7FD8B326C6E2471AB7D /* Pods-SwiftUICard.debug.xcconfig */,
				983A2963F77F618FED73A8FA /* Pods-SwiftUICard.release.xcconfig */,
			);
			path = Pods;
			sourceTree = "<group>";
		};
		A0E9C68E21D12D55CAF479C2 /* Frameworks */ = {
			isa = PBXGroup;
			children = (
				BF9778DA29E306B54A78F79B /* Pods_SwiftUICard.framework */,
			);
			name = Frameworks;
			sourceTree = "<group>";
		};
		BD20610025C7DA9E0080E6CE /* Validators */ = {
			isa = PBXGroup;
			children = (
				BD20610525C7ED2A0080E6CE /* CardNameProxy.swift */,
				BD20610125C7DAAC0080E6CE /* CardNumberValidator.swift */,
				BD20610C25C813C30080E6CE /* CardExpProxy.swift */,
				BD20611225C84C670080E6CE /* CardCVCProxy.swift */,
			);
			path = Validators;
			sourceTree = "<group>";
		};
		BD5A89F025C3D29700A6B204 = {
			isa = PBXGroup;
			children = (
				BD5A89FB25C3D29700A6B204 /* SwiftUICard */,
				BD5A89FA25C3D29700A6B204 /* Products */,
				5ED532ED5490322130CD460D /* Pods */,
				A0E9C68E21D12D55CAF479C2 /* Frameworks */,
			);
			sourceTree = "<group>";
		};
		BD5A89FA25C3D29700A6B204 /* Products */ = {
			isa = PBXGroup;
			children = (
				BD5A89F925C3D29700A6B204 /* SwiftUICard.app */,
			);
			name = Products;
			sourceTree = "<group>";
		};
		BD5A89FB25C3D29700A6B204 /* SwiftUICard */ = {
			isa = PBXGroup;
			children = (
				BD5A8A1725C3D48300A6B204 /* App */,
				BD5A8A2525C3E8E700A6B204 /* Helper */,
				BD5A8A2425C3E8DB00A6B204 /* Services */,
				BD5A8A2325C3E8CE00A6B204 /* Models */,
				BD5A8A2025C3E8AF00A6B204 /* Controls */,
				BD5A8A2125C3E8BA00A6B204 /* Features */,
				BD5A8A2225C3E8C500A6B204 /* Resources */,
				BD5A8A0425C3D29800A6B204 /* Preview Content */,
			);
			path = SwiftUICard;
			sourceTree = "<group>";
		};
		BD5A8A0425C3D29800A6B204 /* Preview Content */ = {
			isa = PBXGroup;
			children = (
				BD5A8A0525C3D29800A6B204 /* Preview Assets.xcassets */,
			);
			path = "Preview Content";
			sourceTree = "<group>";
		};
		BD5A8A1725C3D48300A6B204 /* App */ = {
			isa = PBXGroup;
			children = (
				BD5A8A0A25C3D29800A6B204 /* Info.plist */,
				BD5A89FC25C3D29700A6B204 /* AppDelegate.swift */,
				BD5A89FE25C3D29700A6B204 /* SceneDelegate.swift */,
			);
			path = App;
			sourceTree = "<group>";
		};
		BD5A8A2025C3E8AF00A6B204 /* Controls */ = {
			isa = PBXGroup;
			children = (
				BDE60F0C25C3EF4800AFB36E /* TextField+Modifier.swift */,
				BD20610F25C82EB00080E6CE /* MonthYearPicker.swift */,
				BD06B0FF25C938DC00C75842 /* DateFormate + Extension.swift */,
				BDC2816125C99259006408BF /* NoRecordView.swift */,
				BDC2816425C994AA006408BF /* View+Ext.swift */,
				BDB2D96025CA63D7005F700F /* Color+Ext.swift */,
			);
			path = Controls;
			sourceTree = "<group>";
		};
		BD5A8A2125C3E8BA00A6B204 /* Features */ = {
			isa = PBXGroup;
			children = (
				BD5A8A2B25C3EB9900A6B204 /* CardList */,
				BD5A8A2A25C3EB8900A6B204 /* CardDetails */,
			);
			path = Features;
			sourceTree = "<group>";
		};
		BD5A8A2225C3E8C500A6B204 /* Resources */ = {
			isa = PBXGroup;
			children = (
				BD5A8A0725C3D29800A6B204 /* LaunchScreen.storyboard */,
				BD5A8A0225C3D29800A6B204 /* Assets.xcassets */,
			);
			path = Resources;
			sourceTree = "<group>";
		};
		BD5A8A2325C3E8CE00A6B204 /* Models */ = {
			isa = PBXGroup;
			children = (
				BD06B10225C93A9400C75842 /* CustomError.swift */,
				BD06B0F925C9363900C75842 /* CardInfo.swift */,
			);
			path = Models;
			sourceTree = "<group>";
		};
		BD5A8A2425C3E8DB00A6B204 /* Services */ = {
			isa = PBXGroup;
			children = (
				BD06B0EA25C92EA000C75842 /* DBManager.swift */,
				BD06B0F125C9311100C75842 /* DBManager+Expression.swift */,
				BD06B0F525C931BA00C75842 /* DBManager+Table.swift */,
				BD06B0FC25C9375100C75842 /* DBManager+CardTable.swift */,
			);
			path = Services;
			sourceTree = "<group>";
		};
		BD5A8A2525C3E8E700A6B204 /* Helper */ = {
			isa = PBXGroup;
			children = (
				BD20610925C801320080E6CE /* Images.swift */,
				BD06B0EE25C92F9300C75842 /* Helper.swift */,
			);
			path = Helper;
			sourceTree = "<group>";
		};
		BD5A8A2A25C3EB8900A6B204 /* CardDetails */ = {
			isa = PBXGroup;
			children = (
				BD20610025C7DA9E0080E6CE /* Validators */,
				BDE60F0925C3ED3300AFB36E /* CardDetailsViewModel.swift */,
				BD5A8A2C25C3EC0E00A6B204 /* CardDetailsView.swift */,
			);
			path = CardDetails;
			sourceTree = "<group>";
		};
		BD5A8A2B25C3EB9900A6B204 /* CardList */ = {
			isa = PBXGroup;
			children = (
				BD0B132725C9656200398F0C /* CardListModel.swift */,
				BD5A8A0025C3D29700A6B204 /* CardListView.swift */,
				BDB2D96625CA7088005F700F /* CardView.swift */,
			);
			path = CardList;
			sourceTree = "<group>";
		};
/* End PBXGroup section */

/* Begin PBXNativeTarget section */
		BD5A89F825C3D29700A6B204 /* SwiftUICard */ = {
			isa = PBXNativeTarget;
			buildConfigurationList = BD5A8A0D25C3D29800A6B204 /* Build configuration list for PBXNativeTarget "SwiftUICard" */;
			buildPhases = (
				1C81FDB8595D88B147A143DF /* [CP] Check Pods Manifest.lock */,
				BD5A89F525C3D29700A6B204 /* Sources */,
				BD5A89F625C3D29700A6B204 /* Frameworks */,
				BD5A89F725C3D29700A6B204 /* Resources */,
				F1A528AFAD340DBEFD88B2CF /* [CP] Embed Pods Frameworks */,
			);
			buildRules = (
			);
			dependencies = (
			);
			name = SwiftUICard;
			productName = SwiftUICard;
			productReference = BD5A89F925C3D29700A6B204 /* SwiftUICard.app */;
			productType = "com.apple.product-type.application";
		};
/* End PBXNativeTarget section */

/* Begin PBXProject section */
		BD5A89F125C3D29700A6B204 /* Project object */ = {
			isa = PBXProject;
			attributes = {
				LastSwiftUpdateCheck = 1210;
				LastUpgradeCheck = 1210;
				TargetAttributes = {
					BD5A89F825C3D29700A6B204 = {
						CreatedOnToolsVersion = 12.1;
					};
				};
			};
			buildConfigurationList = BD5A89F425C3D29700A6B204 /* Build configuration list for PBXProject "SwiftUICard" */;
			compatibilityVersion = "Xcode 9.3";
			developmentRegion = en;
			hasScannedForEncodings = 0;
			knownRegions = (
				en,
				Base,
			);
			mainGroup = BD5A89F025C3D29700A6B204;
			productRefGroup = BD5A89FA25C3D29700A6B204 /* Products */;
			projectDirPath = "";
			projectRoot = "";
			targets = (
				BD5A89F825C3D29700A6B204 /* SwiftUICard */,
			);
		};
/* End PBXProject section */

/* Begin PBXResourcesBuildPhase section */
		BD5A89F725C3D29700A6B204 /* Resources */ = {
			isa = PBXResourcesBuildPhase;
			buildActionMask = 2147483647;
			files = (
				BD5A8A0925C3D29800A6B204 /* LaunchScreen.storyboard in Resources */,
				BD5A8A0625C3D29800A6B204 /* Preview Assets.xcassets in Resources */,
				BD5A8A0325C3D29800A6B204 /* Assets.xcassets in Resources */,
			);
			runOnlyForDeploymentPostprocessing = 0;
		};
/* End PBXResourcesBuildPhase section */

/* Begin PBXShellScriptBuildPhase section */
		1C81FDB8595D88B147A143DF /* [CP] Check Pods Manifest.lock */ = {
			isa = PBXShellScriptBuildPhase;
			buildActionMask = 2147483647;
			files = (
			);
			inputFileListPaths = (
			);
			inputPaths = (
				"${PODS_PODFILE_DIR_PATH}/Podfile.lock",
				"${PODS_ROOT}/Manifest.lock",
			);
			name = "[CP] Check Pods Manifest.lock";
			outputFileListPaths = (
			);
			outputPaths = (
				"$(DERIVED_FILE_DIR)/Pods-SwiftUICard-checkManifestLockResult.txt",
			);
			runOnlyForDeploymentPostprocessing = 0;
			shellPath = /bin/sh;
			shellScript = "diff \"${PODS_PODFILE_DIR_PATH}/Podfile.lock\" \"${PODS_ROOT}/Manifest.lock\" > /dev/null\nif [ $? != 0 ] ; then\n    # print error to STDERR\n    echo \"error: The sandbox is not in sync with the Podfile.lock. Run 'pod install' or update your CocoaPods installation.\" >&2\n    exit 1\nfi\n# This output is used by Xcode 'outputs' to avoid re-running this script phase.\necho \"SUCCESS\" > \"${SCRIPT_OUTPUT_FILE_0}\"\n";
			showEnvVarsInLog = 0;
		};
		F1A528AFAD340DBEFD88B2CF /* [CP] Embed Pods Frameworks */ = {
			isa = PBXShellScriptBuildPhase;
			buildActionMask = 2147483647;
			files = (
			);
			inputFileListPaths = (
				"${PODS_ROOT}/Target Support Files/Pods-SwiftUICard/Pods-SwiftUICard-frameworks-${CONFIGURATION}-input-files.xcfilelist",
			);
			name = "[CP] Embed Pods Frameworks";
			outputFileListPaths = (
				"${PODS_ROOT}/Target Support Files/Pods-SwiftUICard/Pods-SwiftUICard-frameworks-${CONFIGURATION}-output-files.xcfilelist",
			);
			runOnlyForDeploymentPostprocessing = 0;
			shellPath = /bin/sh;
			shellScript = "\"${PODS_ROOT}/Target Support Files/Pods-SwiftUICard/Pods-SwiftUICard-frameworks.sh\"\n";
			showEnvVarsInLog = 0;
		};
/* End PBXShellScriptBuildPhase section */

/* Begin PBXSourcesBuildPhase section */
		BD5A89F525C3D29700A6B204 /* Sources */ = {
			isa = PBXSourcesBuildPhase;
			buildActionMask = 2147483647;
			files = (
				BD5A89FD25C3D29700A6B204 /* AppDelegate.swift in Sources */,
				BD06B0EF25C92F9300C75842 /* Helper.swift in Sources */,
				BDE60F0A25C3ED3300AFB36E /* CardDetailsViewModel.swift in Sources */,
				BDE60F0D25C3EF4800AFB36E /* TextField+Modifier.swift in Sources */,
				BD06B0F625C931BA00C75842 /* DBManager+Table.swift in Sources */,
				BDB2D96125CA63D7005F700F /* Color+Ext.swift in Sources */,
				BD06B10325C93A9400C75842 /* CustomError.swift in Sources */,
				BDC2816225C99259006408BF /* NoRecordView.swift in Sources */,
				BD5A89FF25C3D29700A6B204 /* SceneDelegate.swift in Sources */,
				BD06B0FD25C9375100C75842 /* DBManager+CardTable.swift in Sources */,
				BD06B0F225C9311100C75842 /* DBManager+Expression.swift in Sources */,
				BD06B0FA25C9363900C75842 /* CardInfo.swift in Sources */,
				BD20611025C82EB00080E6CE /* MonthYearPicker.swift in Sources */,
				BDC2816525C994AA006408BF /* View+Ext.swift in Sources */,
				BD20611325C84C670080E6CE /* CardCVCProxy.swift in Sources */,
				BD20610A25C801320080E6CE /* Images.swift in Sources */,
				BD0B132825C9656200398F0C /* CardListModel.swift in Sources */,
				BD20610625C7ED2A0080E6CE /* CardNameProxy.swift in Sources */,
				BD20610225C7DAAC0080E6CE /* CardNumberValidator.swift in Sources */,
				BDB2D96725CA7088005F700F /* CardView.swift in Sources */,
				BD06B0EB25C92EA000C75842 /* DBManager.swift in Sources */,
				BD5A8A0125C3D29700A6B204 /* CardListView.swift in Sources */,
				BD20610D25C813C30080E6CE /* CardExpProxy.swift in Sources */,
				BD5A8A2D25C3EC0E00A6B204 /* CardDetailsView.swift in Sources */,
				BD06B10025C938DC00C75842 /* DateFormate + Extension.swift in Sources */,
			);
			runOnlyForDeploymentPostprocessing = 0;
		};
/* End PBXSourcesBuildPhase section */

/* Begin PBXVariantGroup section */
		BD5A8A0725C3D29800A6B204 /* LaunchScreen.storyboard */ = {
			isa = PBXVariantGroup;
			children = (
				BD5A8A0825C3D29800A6B204 /* Base */,
			);
			name = LaunchScreen.storyboard;
			sourceTree = "<group>";
		};
/* End PBXVariantGroup section */

/* Begin XCBuildConfiguration section */
		BD5A8A0B25C3D29800A6B204 /* Debug */ = {
			isa = XCBuildConfiguration;
			buildSettings = {
				ALWAYS_SEARCH_USER_PATHS = NO;
				CLANG_ANALYZER_NONNULL = YES;
				CLANG_ANALYZER_NUMBER_OBJECT_CONVERSION = YES_AGGRESSIVE;
				CLANG_CXX_LANGUAGE_STANDARD = "gnu++14";
				CLANG_CXX_LIBRARY = "libc++";
				CLANG_ENABLE_MODULES = YES;
				CLANG_ENABLE_OBJC_ARC = YES;
				CLANG_ENABLE_OBJC_WEAK = YES;
				CLANG_WARN_BLOCK_CAPTURE_AUTORELEASING = YES;
				CLANG_WARN_BOOL_CONVERSION = YES;
				CLANG_WARN_COMMA = YES;
				CLANG_WARN_CONSTANT_CONVERSION = YES;
				CLANG_WARN_DEPRECATED_OBJC_IMPLEMENTATIONS = YES;
				CLANG_WARN_DIRECT_OBJC_ISA_USAGE = YES_ERROR;
				CLANG_WARN_DOCUMENTATION_COMMENTS = YES;
				CLANG_WARN_EMPTY_BODY = YES;
				CLANG_WARN_ENUM_CONVERSION = YES;
				CLANG_WARN_INFINITE_RECURSION = YES;
				CLANG_WARN_INT_CONVERSION = YES;
				CLANG_WARN_NON_LITERAL_NULL_CONVERSION = YES;
				CLANG_WARN_OBJC_IMPLICIT_RETAIN_SELF = YES;
				CLANG_WARN_OBJC_LITERAL_CONVERSION = YES;
				CLANG_WARN_OBJC_ROOT_CLASS = YES_ERROR;
				CLANG_WARN_QUOTED_INCLUDE_IN_FRAMEWORK_HEADER = YES;
				CLANG_WARN_RANGE_LOOP_ANALYSIS = YES;
				CLANG_WARN_STRICT_PROTOTYPES = YES;
				CLANG_WARN_SUSPICIOUS_MOVE = YES;
				CLANG_WARN_UNGUARDED_AVAILABILITY = YES_AGGRESSIVE;
				CLANG_WARN_UNREACHABLE_CODE = YES;
				CLANG_WARN__DUPLICATE_METHOD_MATCH = YES;
				COPY_PHASE_STRIP = NO;
				DEBUG_INFORMATION_FORMAT = dwarf;
				ENABLE_STRICT_OBJC_MSGSEND = YES;
				ENABLE_TESTABILITY = YES;
				GCC_C_LANGUAGE_STANDARD = gnu11;
				GCC_DYNAMIC_NO_PIC = NO;
				GCC_NO_COMMON_BLOCKS = YES;
				GCC_OPTIMIZATION_LEVEL = 0;
				GCC_PREPROCESSOR_DEFINITIONS = (
					"DEBUG=1",
					"$(inherited)",
				);
				GCC_WARN_64_TO_32_BIT_CONVERSION = YES;
				GCC_WARN_ABOUT_RETURN_TYPE = YES_ERROR;
				GCC_WARN_UNDECLARED_SELECTOR = YES;
				GCC_WARN_UNINITIALIZED_AUTOS = YES_AGGRESSIVE;
				GCC_WARN_UNUSED_FUNCTION = YES;
				GCC_WARN_UNUSED_VARIABLE = YES;
				INFOPLIST_FILE = /Users/gaurangvyas/Projects/SwiftUICard/SwiftUICard/App/info.plist;
				IPHONEOS_DEPLOYMENT_TARGET = 14.1;
				MTL_ENABLE_DEBUG_INFO = INCLUDE_SOURCE;
				MTL_FAST_MATH = YES;
				ONLY_ACTIVE_ARCH = YES;
				SDKROOT = iphoneos;
				SWIFT_ACTIVE_COMPILATION_CONDITIONS = DEBUG;
				SWIFT_OPTIMIZATION_LEVEL = "-Onone";
			};
			name = Debug;
		};
		BD5A8A0C25C3D29800A6B204 /* Release */ = {
			isa = XCBuildConfiguration;
			buildSettings = {
				ALWAYS_SEARCH_USER_PATHS = NO;
				CLANG_ANALYZER_NONNULL = YES;
				CLANG_ANALYZER_NUMBER_OBJECT_CONVERSION = YES_AGGRESSIVE;
				CLANG_CXX_LANGUAGE_STANDARD = "gnu++14";
				CLANG_CXX_LIBRARY = "libc++";
				CLANG_ENABLE_MODULES = YES;
				CLANG_ENABLE_OBJC_ARC = YES;
				CLANG_ENABLE_OBJC_WEAK = YES;
				CLANG_WARN_BLOCK_CAPTURE_AUTORELEASING = YES;
				CLANG_WARN_BOOL_CONVERSION = YES;
				CLANG_WARN_COMMA = YES;
				CLANG_WARN_CONSTANT_CONVERSION = YES;
				CLANG_WARN_DEPRECATED_OBJC_IMPLEMENTATIONS = YES;
				CLANG_WARN_DIRECT_OBJC_ISA_USAGE = YES_ERROR;
				CLANG_WARN_DOCUMENTATION_COMMENTS = YES;
				CLANG_WARN_EMPTY_BODY = YES;
				CLANG_WARN_ENUM_CONVERSION = YES;
				CLANG_WARN_INFINITE_RECURSION = YES;
				CLANG_WARN_INT_CONVERSION = YES;
				CLANG_WARN_NON_LITERAL_NULL_CONVERSION = YES;
				CLANG_WARN_OBJC_IMPLICIT_RETAIN_SELF = YES;
				CLANG_WARN_OBJC_LITERAL_CONVERSION = YES;
				CLANG_WARN_OBJC_ROOT_CLASS = YES_ERROR;
				CLANG_WARN_QUOTED_INCLUDE_IN_FRAMEWORK_HEADER = YES;
				CLANG_WARN_RANGE_LOOP_ANALYSIS = YES;
				CLANG_WARN_STRICT_PROTOTYPES = YES;
				CLANG_WARN_SUSPICIOUS_MOVE = YES;
				CLANG_WARN_UNGUARDED_AVAILABILITY = YES_AGGRESSIVE;
				CLANG_WARN_UNREACHABLE_CODE = YES;
				CLANG_WARN__DUPLICATE_METHOD_MATCH = YES;
				COPY_PHASE_STRIP = NO;
				DEBUG_INFORMATION_FORMAT = "dwarf-with-dsym";
				ENABLE_NS_ASSERTIONS = NO;
				ENABLE_STRICT_OBJC_MSGSEND = YES;
				GCC_C_LANGUAGE_STANDARD = gnu11;
				GCC_NO_COMMON_BLOCKS = YES;
				GCC_WARN_64_TO_32_BIT_CONVERSION = YES;
				GCC_WARN_ABOUT_RETURN_TYPE = YES_ERROR;
				GCC_WARN_UNDECLARED_SELECTOR = YES;
				GCC_WARN_UNINITIALIZED_AUTOS = YES_AGGRESSIVE;
				GCC_WARN_UNUSED_FUNCTION = YES;
				GCC_WARN_UNUSED_VARIABLE = YES;
				INFOPLIST_FILE = /Users/gaurangvyas/Projects/SwiftUICard/SwiftUICard/App/info.plist;
				IPHONEOS_DEPLOYMENT_TARGET = 14.1;
				MTL_ENABLE_DEBUG_INFO = NO;
				MTL_FAST_MATH = YES;
				SDKROOT = iphoneos;
				SWIFT_COMPILATION_MODE = wholemodule;
				SWIFT_OPTIMIZATION_LEVEL = "-O";
				VALIDATE_PRODUCT = YES;
			};
			name = Release;
		};
		BD5A8A0E25C3D29800A6B204 /* Debug */ = {
			isa = XCBuildConfiguration;
			baseConfigurationReference = CF71A7FD8B326C6E2471AB7D /* Pods-SwiftUICard.debug.xcconfig */;
			buildSettings = {
				ASSETCATALOG_COMPILER_APPICON_NAME = AppIcon;
				ASSETCATALOG_COMPILER_GLOBAL_ACCENT_COLOR_NAME = AccentColor;
				CODE_SIGN_IDENTITY = "iPhone Developer";
				CODE_SIGN_STYLE = Manual;
				DEVELOPMENT_ASSET_PATHS = "\"SwiftUICard/Preview Content\"";
				DEVELOPMENT_TEAM = 665C5L8U24;
				ENABLE_PREVIEWS = YES;
				INFOPLIST_FILE = SwiftUICard/App/Info.plist;
				LD_RUNPATH_SEARCH_PATHS = (
					"$(inherited)",
					"@executable_path/Frameworks",
				);
				PRODUCT_BUNDLE_IDENTIFIER = com.yousic.yousic.dev;
				PRODUCT_NAME = "$(TARGET_NAME)";
				PROVISIONING_PROFILE_SPECIFIER = "Yousic dev - development";
				SWIFT_VERSION = 5.0;
				TARGETED_DEVICE_FAMILY = 1;
			};
			name = Debug;
		};
		BD5A8A0F25C3D29800A6B204 /* Release */ = {
			isa = XCBuildConfiguration;
			baseConfigurationReference = 983A2963F77F618FED73A8FA /* Pods-SwiftUICard.release.xcconfig */;
			buildSettings = {
				ASSETCATALOG_COMPILER_APPICON_NAME = AppIcon;
				ASSETCATALOG_COMPILER_GLOBAL_ACCENT_COLOR_NAME = AccentColor;
				CODE_SIGN_IDENTITY = "iPhone Developer";
				CODE_SIGN_STYLE = Manual;
				DEVELOPMENT_ASSET_PATHS = "\"SwiftUICard/Preview Content\"";
				DEVELOPMENT_TEAM = 665C5L8U24;
				ENABLE_PREVIEWS = YES;
				INFOPLIST_FILE = SwiftUICard/App/Info.plist;
				LD_RUNPATH_SEARCH_PATHS = (
					"$(inherited)",
					"@executable_path/Frameworks",
				);
				PRODUCT_BUNDLE_IDENTIFIER = com.yousic.yousic.dev;
				PRODUCT_NAME = "$(TARGET_NAME)";
				PROVISIONING_PROFILE_SPECIFIER = "Yousic dev - development";
				SWIFT_VERSION = 5.0;
				TARGETED_DEVICE_FAMILY = 1;
			};
			name = Release;
		};
/* End XCBuildConfiguration section */

/* Begin XCConfigurationList section */
		BD5A89F425C3D29700A6B204 /* Build configuration list for PBXProject "SwiftUICard" */ = {
			isa = XCConfigurationList;
			buildConfigurations = (
				BD5A8A0B25C3D29800A6B204 /* Debug */,
				BD5A8A0C25C3D29800A6B204 /* Release */,
			);
			defaultConfigurationIsVisible = 0;
			defaultConfigurationName = Release;
		};
		BD5A8A0D25C3D29800A6B204 /* Build configuration list for PBXNativeTarget "SwiftUICard" */ = {
			isa = XCConfigurationList;
			buildConfigurations = (
				BD5A8A0E25C3D29800A6B204 /* Debug */,
				BD5A8A0F25C3D29800A6B204 /* Release */,
			);
			defaultConfigurationIsVisible = 0;
			defaultConfigurationName = Release;
		};
/* End XCConfigurationList section */
	};
	rootObject = BD5A89F125C3D29700A6B204 /* Project object */;
}
